// !$*UTF8*$!
{
	archiveVersion = 1;
	classes = {
	};
	objectVersion = 51;
	objects = {

/* Begin PBXBuildFile section */
		7758BE52E525F2BFE59965BD /* Pods_Todoey.framework in Frameworks */ = {isa = PBXBuildFile; fileRef = 0E277F514DACC1D6277307F6 /* Pods_Todoey.framework */; };
		93A01F7F22B3E0EF00B3EA23 /* CategoryViewController.swift in Sources */ = {isa = PBXBuildFile; fileRef = 93A01F7E22B3E0EF00B3EA23 /* CategoryViewController.swift */; };
		93A01F8322B540B200B3EA23 /* Item.swift in Sources */ = {isa = PBXBuildFile; fileRef = 93A01F8222B540B200B3EA23 /* Item.swift */; };
		93A01F8522B540BA00B3EA23 /* Category.swift in Sources */ = {isa = PBXBuildFile; fileRef = 93A01F8422B540BA00B3EA23 /* Category.swift */; };
		93C6A0DC22AD405D0005FADF /* AppDelegate.swift in Sources */ = {isa = PBXBuildFile; fileRef = 93C6A0DB22AD405D0005FADF /* AppDelegate.swift */; };
		93C6A0DE22AD405D0005FADF /* TodoListViewController.swift in Sources */ = {isa = PBXBuildFile; fileRef = 93C6A0DD22AD405D0005FADF /* TodoListViewController.swift */; };
		93C6A0E122AD405D0005FADF /* Main.storyboard in Resources */ = {isa = PBXBuildFile; fileRef = 93C6A0DF22AD405D0005FADF /* Main.storyboard */; };
		93C6A0E322AD405E0005FADF /* Assets.xcassets in Resources */ = {isa = PBXBuildFile; fileRef = 93C6A0E222AD405E0005FADF /* Assets.xcassets */; };
		93C6A0E622AD405E0005FADF /* LaunchScreen.storyboard in Resources */ = {isa = PBXBuildFile; fileRef = 93C6A0E422AD405E0005FADF /* LaunchScreen.storyboard */; };
/* End PBXBuildFile section */

/* Begin PBXFileReference section */
		0E277F514DACC1D6277307F6 /* Pods_Todoey.framework */ = {isa = PBXFileReference; explicitFileType = wrapper.framework; includeInIndex = 0; path = Pods_Todoey.framework; sourceTree = BUILT_PRODUCTS_DIR; };
		3A8C143A8271414E66F5641B /* Pods-Todoey.debug.xcconfig */ = {isa = PBXFileReference; includeInIndex = 1; lastKnownFileType = text.xcconfig; name = "Pods-Todoey.debug.xcconfig"; path = "Target Support Files/Pods-Todoey/Pods-Todoey.debug.xcconfig"; sourceTree = "<group>"; };
		3DD7EA8B158530415EB5B20C /* Pods-Todoey.release.xcconfig */ = {isa = PBXFileReference; includeInIndex = 1; lastKnownFileType = text.xcconfig; name = "Pods-Todoey.release.xcconfig"; path = "Target Support Files/Pods-Todoey/Pods-Todoey.release.xcconfig"; sourceTree = "<group>"; };
		93A01F7E22B3E0EF00B3EA23 /* CategoryViewController.swift */ = {isa = PBXFileReference; lastKnownFileType = sourcecode.swift; name = CategoryViewController.swift; path = Todoey/Controller/CategoryViewController.swift; sourceTree = SOURCE_ROOT; };
		93A01F8222B540B200B3EA23 /* Item.swift */ = {isa = PBXFileReference; lastKnownFileType = sourcecode.swift; path = Item.swift; sourceTree = "<group>"; };
		93A01F8422B540BA00B3EA23 /* Category.swift */ = {isa = PBXFileReference; lastKnownFileType = sourcecode.swift; path = Category.swift; sourceTree = "<group>"; };
		93C6A0D822AD405D0005FADF /* Todoey.app */ = {isa = PBXFileReference; explicitFileType = wrapper.application; includeInIndex = 0; path = Todoey.app; sourceTree = BUILT_PRODUCTS_DIR; };
		93C6A0DB22AD405D0005FADF /* AppDelegate.swift */ = {isa = PBXFileReference; lastKnownFileType = sourcecode.swift; path = AppDelegate.swift; sourceTree = "<group>"; };
		93C6A0DD22AD405D0005FADF /* TodoListViewController.swift */ = {isa = PBXFileReference; lastKnownFileType = sourcecode.swift; path = TodoListViewController.swift; sourceTree = "<group>"; };
		93C6A0E022AD405D0005FADF /* Base */ = {isa = PBXFileReference; lastKnownFileType = file.storyboard; name = Base; path = Base.lproj/Main.storyboard; sourceTree = "<group>"; };
		93C6A0E222AD405E0005FADF /* Assets.xcassets */ = {isa = PBXFileReference; lastKnownFileType = folder.assetcatalog; path = Assets.xcassets; sourceTree = "<group>"; };
		93C6A0E522AD405E0005FADF /* Base */ = {isa = PBXFileReference; lastKnownFileType = file.storyboard; name = Base; path = Base.lproj/LaunchScreen.storyboard; sourceTree = "<group>"; };
		93C6A0E722AD405E0005FADF /* Info.plist */ = {isa = PBXFileReference; lastKnownFileType = text.plist.xml; path = Info.plist; sourceTree = "<group>"; };
/* End PBXFileReference section */

/* Begin PBXFrameworksBuildPhase section */
		93C6A0D522AD405C0005FADF /* Frameworks */ = {
			isa = PBXFrameworksBuildPhase;
			buildActionMask = 2147483647;
			files = (
				7758BE52E525F2BFE59965BD /* Pods_Todoey.framework in Frameworks */,
			);
			runOnlyForDeploymentPostprocessing = 0;
		};
/* End PBXFrameworksBuildPhase section */

/* Begin PBXGroup section */
		93C6A0CF22AD405C0005FADF = {
			isa = PBXGroup;
			children = (
				93C6A0DA22AD405D0005FADF /* Todoey */,
				93C6A0D922AD405D0005FADF /* Products */,
				C0762D4B2E5FE03E85A672E8 /* Pods */,
				E680DE996972EB88ADD4E727 /* Frameworks */,
			);
			sourceTree = "<group>";
		};
		93C6A0D922AD405D0005FADF /* Products */ = {
			isa = PBXGroup;
			children = (
				93C6A0D822AD405D0005FADF /* Todoey.app */,
			);
			name = Products;
			sourceTree = "<group>";
		};
		93C6A0DA22AD405D0005FADF /* Todoey */ = {
			isa = PBXGroup;
			children = (
				93C6A0DB22AD405D0005FADF /* AppDelegate.swift */,
				93EF20C722AF0D55008E14D8 /* Views */,
				93C6A0E722AD405E0005FADF /* Info.plist */,
				93EF20C622AF0D21008E14D8 /* Supporting Files */,
				93EF20C522AF0CEE008E14D8 /* Controller */,
				93EF20C422AF0CD5008E14D8 /* DataModel */,
			);
			path = Todoey;
			sourceTree = "<group>";
		};
		93EF20C422AF0CD5008E14D8 /* DataModel */ = {
			isa = PBXGroup;
			children = (
				93A01F8222B540B200B3EA23 /* Item.swift */,
				93A01F8422B540BA00B3EA23 /* Category.swift */,
			);
			path = DataModel;
			sourceTree = "<group>";
		};
		93EF20C522AF0CEE008E14D8 /* Controller */ = {
			isa = PBXGroup;
			children = (
				93A01F7E22B3E0EF00B3EA23 /* CategoryViewController.swift */,
				93C6A0DD22AD405D0005FADF /* TodoListViewController.swift */,
			);
			path = Controller;
			sourceTree = "<group>";
		};
		93EF20C622AF0D21008E14D8 /* Supporting Files */ = {
			isa = PBXGroup;
			children = (
				93C6A0E222AD405E0005FADF /* Assets.xcassets */,
				93C6A0E422AD405E0005FADF /* LaunchScreen.storyboard */,
			);
			path = "Supporting Files";
			sourceTree = "<group>";
		};
		93EF20C722AF0D55008E14D8 /* Views */ = {
			isa = PBXGroup;
			children = (
				93C6A0DF22AD405D0005FADF /* Main.storyboard */,
			);
			path = Views;
			sourceTree = "<group>";
		};
		C0762D4B2E5FE03E85A672E8 /* Pods */ = {
			isa = PBXGroup;
			children = (
				3A8C143A8271414E66F5641B /* Pods-Todoey.debug.xcconfig */,
				3DD7EA8B158530415EB5B20C /* Pods-Todoey.release.xcconfig */,
			);
			path = Pods;
			sourceTree = "<group>";
		};
		E680DE996972EB88ADD4E727 /* Frameworks */ = {
			isa = PBXGroup;
			children = (
				0E277F514DACC1D6277307F6 /* Pods_Todoey.framework */,
			);
			name = Frameworks;
			sourceTree = "<group>";
		};
/* End PBXGroup section */

/* Begin PBXNativeTarget section */
		93C6A0D722AD405C0005FADF /* Todoey */ = {
			isa = PBXNativeTarget;
			buildConfigurationList = 93C6A0EA22AD405E0005FADF /* Build configuration list for PBXNativeTarget "Todoey" */;
			buildPhases = (
				492E6A4DF5192EA7591718D6 /* [CP] Check Pods Manifest.lock */,
				93C6A0D422AD405C0005FADF /* Sources */,
				93C6A0D522AD405C0005FADF /* Frameworks */,
				93C6A0D622AD405C0005FADF /* Resources */,
				7A1E6AC9BFDF2A7E7D05759F /* [CP] Embed Pods Frameworks */,
			);
			buildRules = (
			);
			dependencies = (
			);
			name = Todoey;
			productName = Todoey;
			productReference = 93C6A0D822AD405D0005FADF /* Todoey.app */;
			productType = "com.apple.product-type.application";
		};
/* End PBXNativeTarget section */

/* Begin PBXProject section */
		93C6A0D022AD405C0005FADF /* Project object */ = {
			isa = PBXProject;
			attributes = {
				LastSwiftUpdateCheck = 1020;
				LastUpgradeCheck = 1020;
				ORGANIZATIONNAME = "Alden Somayire";
				TargetAttributes = {
					93C6A0D722AD405C0005FADF = {
						CreatedOnToolsVersion = 10.2.1;
					};
				};
			};
			buildConfigurationList = 93C6A0D322AD405C0005FADF /* Build configuration list for PBXProject "Todoey" */;
			compatibilityVersion = "Xcode 9.3";
			developmentRegion = en;
			hasScannedForEncodings = 0;
			knownRegions = (
				en,
				Base,
			);
			mainGroup = 93C6A0CF22AD405C0005FADF;
			productRefGroup = 93C6A0D922AD405D0005FADF /* Products */;
			projectDirPath = "";
			projectRoot = "";
			targets = (
				93C6A0D722AD405C0005FADF /* Todoey */,
			);
		};
/* End PBXProject section */

/* Begin PBXResourcesBuildPhase section */
		93C6A0D622AD405C0005FADF /* Resources */ = {
			isa = PBXResourcesBuildPhase;
			buildActionMask = 2147483647;
			files = (
				93C6A0E622AD405E0005FADF /* LaunchScreen.storyboard in Resources */,
				93C6A0E322AD405E0005FADF /* Assets.xcassets in Resources */,
				93C6A0E122AD405D0005FADF /* Main.storyboard in Resources */,
			);
			runOnlyForDeploymentPostprocessing = 0;
		};
/* End PBXResourcesBuildPhase section */

/* Begin PBXShellScriptBuildPhase section */
		492E6A4DF5192EA7591718D6 /* [CP] Check Pods Manifest.lock */ = {
			isa = PBXShellScriptBuildPhase;
			buildActionMask = 2147483647;
			files = (
			);
			inputFileListPaths = (
			);
			inputPaths = (
				"${PODS_PODFILE_DIR_PATH}/Podfile.lock",
				"${PODS_ROOT}/Manifest.lock",
			);
			name = "[CP] Check Pods Manifest.lock";
			outputFileListPaths = (
			);
			outputPaths = (
				"$(DERIVED_FILE_DIR)/Pods-Todoey-checkManifestLockResult.txt",
			);
			runOnlyForDeploymentPostprocessing = 0;
			shellPath = /bin/sh;
			shellScript = "diff \"${PODS_PODFILE_DIR_PATH}/Podfile.lock\" \"${PODS_ROOT}/Manifest.lock\" > /dev/null\nif [ $? != 0 ] ; then\n    # print error to STDERR\n    echo \"error: The sandbox is not in sync with the Podfile.lock. Run 'pod install' or update your CocoaPods installation.\" >&2\n    exit 1\nfi\n# This output is used by Xcode 'outputs' to avoid re-running this script phase.\necho \"SUCCESS\" > \"${SCRIPT_OUTPUT_FILE_0}\"\n";
			showEnvVarsInLog = 0;
		};
		7A1E6AC9BFDF2A7E7D05759F /* [CP] Embed Pods Frameworks */ = {
			isa = PBXShellScriptBuildPhase;
			buildActionMask = 2147483647;
			files = (
			);
			inputFileListPaths = (
				"${PODS_ROOT}/Target Support Files/Pods-Todoey/Pods-Todoey-frameworks-${CONFIGURATION}-input-files.xcfilelist",
			);
			name = "[CP] Embed Pods Frameworks";
			outputFileListPaths = (
				"${PODS_ROOT}/Target Support Files/Pods-Todoey/Pods-Todoey-frameworks-${CONFIGURATION}-output-files.xcfilelist",
			);
			runOnlyForDeploymentPostprocessing = 0;
			shellPath = /bin/sh;
			shellScript = "\"${PODS_ROOT}/Target Support Files/Pods-Todoey/Pods-Todoey-frameworks.sh\"\n";
			showEnvVarsInLog = 0;
		};
/* End PBXShellScriptBuildPhase section */

/* Begin PBXSourcesBuildPhase section */
		93C6A0D422AD405C0005FADF /* Sources */ = {
			isa = PBXSourcesBuildPhase;
			buildActionMask = 2147483647;
			files = (
				93A01F8322B540B200B3EA23 /* Item.swift in Sources */,
				93A01F7F22B3E0EF00B3EA23 /* CategoryViewController.swift in Sources */,
				93C6A0DE22AD405D0005FADF /* TodoListViewController.swift in Sources */,
				93C6A0DC22AD405D0005FADF /* AppDelegate.swift in Sources */,
				93A01F8522B540BA00B3EA23 /* Category.swift in Sources */,
			);
			runOnlyForDeploymentPostprocessing = 0;
		};
/* End PBXSourcesBuildPhase section */

/* Begin PBXVariantGroup section */
		93C6A0DF22AD405D0005FADF /* Main.storyboard */ = {
			isa = PBXVariantGroup;
			children = (
				93C6A0E022AD405D0005FADF /* Base */,
			);
			name = Main.storyboard;
			sourceTree = "<group>";
		};
		93C6A0E422AD405E0005FADF /* LaunchScreen.storyboard */ = {
			isa = PBXVariantGroup;
			children = (
				93C6A0E522AD405E0005FADF /* Base */,
			);
			name = LaunchScreen.storyboard;
			sourceTree = "<group>";
		};
/* End PBXVariantGroup section */

/* Begin XCBuildConfiguration section */
		93C6A0E822AD405E0005FADF /* Debug */ = {
			isa = XCBuildConfiguration;
			buildSettings = {
				ALWAYS_SEARCH_USER_PATHS = NO;
				CLANG_ANALYZER_NONNULL = YES;
				CLANG_ANALYZER_NUMBER_OBJECT_CONVERSION = YES_AGGRESSIVE;
				CLANG_CXX_LANGUAGE_STANDARD = "gnu++14";
				CLANG_CXX_LIBRARY = "libc++";
				CLANG_ENABLE_MODULES = YES;
				CLANG_ENABLE_OBJC_ARC = YES;
				CLANG_ENABLE_OBJC_WEAK = YES;
				CLANG_WARN_BLOCK_CAPTURE_AUTORELEASING = YES;
				CLANG_WARN_BOOL_CONVERSION = YES;
				CLANG_WARN_COMMA = YES;
				CLANG_WARN_CONSTANT_CONVERSION = YES;
				CLANG_WARN_DEPRECATED_OBJC_IMPLEMENTATIONS = YES;
				CLANG_WARN_DIRECT_OBJC_ISA_USAGE = YES_ERROR;
				CLANG_WARN_DOCUMENTATION_COMMENTS = YES;
				CLANG_WARN_EMPTY_BODY = YES;
				CLANG_WARN_ENUM_CONVERSION = YES;
				CLANG_WARN_INFINITE_RECURSION = YES;
				CLANG_WARN_INT_CONVERSION = YES;
				CLANG_WARN_NON_LITERAL_NULL_CONVERSION = YES;
				CLANG_WARN_OBJC_IMPLICIT_RETAIN_SELF = YES;
				CLANG_WARN_OBJC_LITERAL_CONVERSION = YES;
				CLANG_WARN_OBJC_ROOT_CLASS = YES_ERROR;
				CLANG_WARN_RANGE_LOOP_ANALYSIS = YES;
				CLANG_WARN_STRICT_PROTOTYPES = YES;
				CLANG_WARN_SUSPICIOUS_MOVE = YES;
				CLANG_WARN_UNGUARDED_AVAILABILITY = YES_AGGRESSIVE;
				CLANG_WARN_UNREACHABLE_CODE = YES;
				CLANG_WARN__DUPLICATE_METHOD_MATCH = YES;
				CODE_SIGN_IDENTITY = "iPhone Developer";
				COPY_PHASE_STRIP = NO;
				DEBUG_INFORMATION_FORMAT = dwarf;
				ENABLE_STRICT_OBJC_MSGSEND = YES;
				ENABLE_TESTABILITY = YES;
				GCC_C_LANGUAGE_STANDARD = gnu11;
				GCC_DYNAMIC_NO_PIC = NO;
				GCC_NO_COMMON_BLOCKS = YES;
				GCC_OPTIMIZATION_LEVEL = 0;
				GCC_PREPROCESSOR_DEFINITIONS = (
					"DEBUG=1",
					"$(inherited)",
				);
				GCC_WARN_64_TO_32_BIT_CONVERSION = YES;
				GCC_WARN_ABOUT_RETURN_TYPE = YES_ERROR;
				GCC_WARN_UNDECLARED_SELECTOR = YES;
				GCC_WARN_UNINITIALIZED_AUTOS = YES_AGGRESSIVE;
				GCC_WARN_UNUSED_FUNCTION = YES;
				GCC_WARN_UNUSED_VARIABLE = YES;
				IPHONEOS_DEPLOYMENT_TARGET = 12.2;
				MTL_ENABLE_DEBUG_INFO = INCLUDE_SOURCE;
				MTL_FAST_MATH = YES;
				ONLY_ACTIVE_ARCH = YES;
				SDKROOT = iphoneos;
				SWIFT_ACTIVE_COMPILATION_CONDITIONS = DEBUG;
				SWIFT_OPTIMIZATION_LEVEL = "-Onone";
			};
			name = Debug;
		};
		93C6A0E922AD405E0005FADF /* Release */ = {
			isa = XCBuildConfiguration;
			buildSettings = {
				ALWAYS_SEARCH_USER_PATHS = NO;
				CLANG_ANALYZER_NONNULL = YES;
				CLANG_ANALYZER_NUMBER_OBJECT_CONVERSION = YES_AGGRESSIVE;
				CLANG_CXX_LANGUAGE_STANDARD = "gnu++14";
				CLANG_CXX_LIBRARY = "libc++";
				CLANG_ENABLE_MODULES = YES;
				CLANG_ENABLE_OBJC_ARC = YES;
				CLANG_ENABLE_OBJC_WEAK = YES;
				CLANG_WARN_BLOCK_CAPTURE_AUTORELEASING = YES;
				CLANG_WARN_BOOL_CONVERSION = YES;
				CLANG_WARN_COMMA = YES;
				CLANG_WARN_CONSTANT_CONVERSION = YES;
				CLANG_WARN_DEPRECATED_OBJC_IMPLEMENTATIONS = YES;
				CLANG_WARN_DIRECT_OBJC_ISA_USAGE = YES_ERROR;
				CLANG_WARN_DOCUMENTATION_COMMENTS = YES;
				CLANG_WARN_EMPTY_BODY = YES;
				CLANG_WARN_ENUM_CONVERSION = YES;
				CLANG_WARN_INFINITE_RECURSION = YES;
				CLANG_WARN_INT_CONVERSION = YES;
				CLANG_WARN_NON_LITERAL_NULL_CONVERSION = YES;
				CLANG_WARN_OBJC_IMPLICIT_RETAIN_SELF = YES;
				CLANG_WARN_OBJC_LITERAL_CONVERSION = YES;
				CLANG_WARN_OBJC_ROOT_CLASS = YES_ERROR;
				CLANG_WARN_RANGE_LOOP_ANALYSIS = YES;
				CLANG_WARN_STRICT_PROTOTYPES = YES;
				CLANG_WARN_SUSPICIOUS_MOVE = YES;
				CLANG_WARN_UNGUARDED_AVAILABILITY = YES_AGGRESSIVE;
				CLANG_WARN_UNREACHABLE_CODE = YES;
				CLANG_WARN__DUPLICATE_METHOD_MATCH = YES;
				CODE_SIGN_IDENTITY = "iPhone Developer";
				COPY_PHASE_STRIP = NO;
				DEBUG_INFORMATION_FORMAT = "dwarf-with-dsym";
				ENABLE_NS_ASSERTIONS = NO;
				ENABLE_STRICT_OBJC_MSGSEND = YES;
				GCC_C_LANGUAGE_STANDARD = gnu11;
				GCC_NO_COMMON_BLOCKS = YES;
				GCC_WARN_64_TO_32_BIT_CONVERSION = YES;
				GCC_WARN_ABOUT_RETURN_TYPE = YES_ERROR;
				GCC_WARN_UNDECLARED_SELECTOR = YES;
				GCC_WARN_UNINITIALIZED_AUTOS = YES_AGGRESSIVE;
				GCC_WARN_UNUSED_FUNCTION = YES;
				GCC_WARN_UNUSED_VARIABLE = YES;
				IPHONEOS_DEPLOYMENT_TARGET = 12.2;
				MTL_ENABLE_DEBUG_INFO = NO;
				MTL_FAST_MATH = YES;
				SDKROOT = iphoneos;
				SWIFT_COMPILATION_MODE = wholemodule;
				SWIFT_OPTIMIZATION_LEVEL = "-O";
				VALIDATE_PRODUCT = YES;
			};
			name = Release;
		};
		93C6A0EB22AD405E0005FADF /* Debug */ = {
			isa = XCBuildConfiguration;
			baseConfigurationReference = 3A8C143A8271414E66F5641B /* Pods-Todoey.debug.xcconfig */;
			buildSettings = {
				ASSETCATALOG_COMPILER_APPICON_NAME = AppIcon;
				CODE_SIGN_STYLE = Automatic;
				DEVELOPMENT_TEAM = HBUD272FN8;
				INFOPLIST_FILE = Todoey/Info.plist;
				IPHONEOS_DEPLOYMENT_TARGET = 12.0;
				LD_RUNPATH_SEARCH_PATHS = (
					"$(inherited)",
					"@executable_path/Frameworks",
				);
				PRODUCT_BUNDLE_IDENTIFIER = com.aldensomayire.Todoey;
				PRODUCT_NAME = "$(TARGET_NAME)";
				SWIFT_VERSION = 5.0;
				TARGETED_DEVICE_FAMILY = "1,2";
			};
			name = Debug;
		};
		93C6A0EC22AD405E0005FADF /* Release */ = {
			isa = XCBuildConfiguration;
			baseConfigurationReference = 3DD7EA8B158530415EB5B20C /* Pods-Todoey.release.xcconfig */;
			buildSettings = {
				ASSETCATALOG_COMPILER_APPICON_NAME = AppIcon;
				CODE_SIGN_STYLE = Automatic;
				DEVELOPMENT_TEAM = HBUD272FN8;
				INFOPLIST_FILE = Todoey/Info.plist;
				IPHONEOS_DEPLOYMENT_TARGET = 12.0;
				LD_RUNPATH_SEARCH_PATHS = (
					"$(inherited)",
					"@executable_path/Frameworks",
				);
				PRODUCT_BUNDLE_IDENTIFIER = com.aldensomayire.Todoey;
				PRODUCT_NAME = "$(TARGET_NAME)";
				SWIFT_VERSION = 5.0;
				TARGETED_DEVICE_FAMILY = "1,2";
			};
			name = Release;
		};
/* End XCBuildConfiguration section */

/* Begin XCConfigurationList section */
		93C6A0D322AD405C0005FADF /* Build configuration list for PBXProject "Todoey" */ = {
			isa = XCConfigurationList;
			buildConfigurations = (
				93C6A0E822AD405E0005FADF /* Debug */,
				93C6A0E922AD405E0005FADF /* Release */,
			);
			defaultConfigurationIsVisible = 0;
			defaultConfigurationName = Release;
		};
		93C6A0EA22AD405E0005FADF /* Build configuration list for PBXNativeTarget "Todoey" */ = {
			isa = XCConfigurationList;
			buildConfigurations = (
				93C6A0EB22AD405E0005FADF /* Debug */,
				93C6A0EC22AD405E0005FADF /* Release */,
			);
			defaultConfigurationIsVisible = 0;
			defaultConfigurationName = Release;
		};
/* End XCConfigurationList section */
	};
	rootObject = 93C6A0D022AD405C0005FADF /* Project object */;
}
